
Microsoft Visual Studio Solution File, Format Version 12.00
# Visual Studio Version 17
VisualStudioVersion = 17.5.002.0
MinimumVisualStudioVersion = 10.0.40219.1
Project("{9A19103F-16F7-4668-BE54-9A1E7A4F7556}") = "CarLotSimulator", "CarLotSimulator.csproj", "{B5790B9B-9C78-4287-A814-AD8FE69684F9}"
EndProject
Global
	GlobalSection(SolutionConfigurationPlatforms) = preSolution
		Debug|Any CPU = Debug|Any CPU
		Release|Any CPU = Release|Any CPU
	EndGlobalSection
	GlobalSection(ProjectConfigurationPlatforms) = postSolution
		{B5790B9B-9C78-4287-A814-AD8FE69684F9}.Debug|Any CPU.ActiveCfg = Debug|Any CPU
		{B5790B9B-9C78-4287-A814-AD8FE69684F9}.Debug|Any CPU.Build.0 = Debug|Any CPU
		{B5790B9B-9C78-4287-A814-AD8FE69684F9}.Release|Any CPU.ActiveCfg = Release|Any CPU
		{B5790B9B-9C78-4287-A814-AD8FE69684F9}.Release|Any CPU.Build.0 = Release|Any CPU
	EndGlobalSection
	GlobalSection(SolutionProperties) = preSolution
		HideSolutionNode = FALSE
	EndGlobalSection
	GlobalSection(ExtensibilityGlobals) = postSolution
		SolutionGuid = {1F2A5E26-79C2-45CB-997D-93B34463E2E0}
	EndGlobalSection
EndGlobal
